{
  "name": "pipeline_torcs",
  "lockfileVersion": 3,
  "requires": true,
  "packages": {
    "": {
      "dependencies": {
        "esm-seedrandom": "^3.0.5"
      }
    },
    "node_modules/esm-seedrandom": {
      "version": "3.0.5",
      "resolved": "https://registry.npmjs.org/esm-seedrandom/-/esm-seedrandom-3.0.5.tgz",
      "integrity": "sha512-pMAq0mFIr5JQ3Ihbng7EBLMJ+llMbaDKkiG44pqbSXS0NIZWtEANpOpxb5s6Q8Q2R562P26qMHPv8YtP/NHh9g=="
    }
  }
}
